{
  "meteor": {},
  "dependencies": {
    "basePackages": {
      "bootstrap3-less": {},
      "font-awesome": {},
      "stellar": {},
      "page-js": {},
      "roles": {},
      "moment-with-langs": {}
    },
    "packages": {
      "bootstrap3-less": {
        "git": "https://github.com/eprochasson/bootstrap3-less",
        "tag": "v0.1.9",
        "commit": "5c812c4d7ce72917a065f0424c3cf54e5ff2d16a"
      },
      "font-awesome": {
        "git": "https://github.com/nate-strauser/meteor-font-awesome.git",
        "tag": "v4.0.3",
        "commit": "61e9361384347547ae144f8228faa4deffda23db"
      },
      "stellar": {
        "git": "https://github.com/noorderstorm/meteor-stellar.git",
        "tag": "v0.1.0",
        "commit": "1ca2f68e0cca5967a6f88545cea12055c9fc2465"
      },
      "page-js": {
        "git": "https://github.com/tmeasday/meteor-page-js.git",
        "tag": "v1.3.5",
        "commit": "c652f795a86498aa4609ab637a694710421cb218"
      },
      "roles": {
        "git": "https://github.com/alanning/meteor-roles.git",
        "tag": "v1.2.8",
        "commit": "68844ba216c348d332bdb840825850f497f515bb"
      },
      "moment-with-langs": {
        "git": "https://github.com/jeeeyul/meteor-moment-with-langs.git",
        "tag": "v2.5.1",
        "commit": "75f725898f6d5c3dddc54f1f619fe3b184f596a2"
      }
    }
  }
}
